
Microsoft Visual Studio Solution File, Format Version 12.00
# Visual Studio Version 17
VisualStudioVersion = 17.8.34525.116
MinimumVisualStudioVersion = 10.0.40219.1
Project("{FAE04EC0-301F-11D3-BF4B-00C04F79EFBC}") = "LabSheet4_Q3", "LabSheet4_Q3\LabSheet4_Q3.csproj", "{EBA8B14B-294E-4473-B489-A49D14194C69}"
EndProject
Global
	GlobalSection(SolutionConfigurationPlatforms) = preSolution
		Debug|Any CPU = Debug|Any CPU
		Release|Any CPU = Release|Any CPU
	EndGlobalSection
	GlobalSection(ProjectConfigurationPlatforms) = postSolution
		{EBA8B14B-294E-4473-B489-A49D14194C69}.Debug|Any CPU.ActiveCfg = Debug|Any CPU
		{EBA8B14B-294E-4473-B489-A49D14194C69}.Debug|Any CPU.Build.0 = Debug|Any CPU
		{EBA8B14B-294E-4473-B489-A49D14194C69}.Release|Any CPU.ActiveCfg = Release|Any CPU
		{EBA8B14B-294E-4473-B489-A49D14194C69}.Release|Any CPU.Build.0 = Release|Any CPU
	EndGlobalSection
	GlobalSection(SolutionProperties) = preSolution
		HideSolutionNode = FALSE
	EndGlobalSection
	GlobalSection(ExtensibilityGlobals) = postSolution
		SolutionGuid = {D7AB5E40-5BB1-4AE1-840B-2CCD942D5C32}
	EndGlobalSection
EndGlobal
