
Microsoft Visual Studio Solution File, Format Version 12.00
# Visual Studio Version 17
VisualStudioVersion = 17.8.34525.116
MinimumVisualStudioVersion = 10.0.40219.1
Project("{FAE04EC0-301F-11D3-BF4B-00C04F79EFBC}") = "LabSheet2_Q4", "LabSheet2_Q4\LabSheet2_Q4.csproj", "{54D7B7C3-AAA3-4187-999C-4063F487DF12}"
EndProject
Global
	GlobalSection(SolutionConfigurationPlatforms) = preSolution
		Debug|Any CPU = Debug|Any CPU
		Release|Any CPU = Release|Any CPU
	EndGlobalSection
	GlobalSection(ProjectConfigurationPlatforms) = postSolution
		{54D7B7C3-AAA3-4187-999C-4063F487DF12}.Debug|Any CPU.ActiveCfg = Debug|Any CPU
		{54D7B7C3-AAA3-4187-999C-4063F487DF12}.Debug|Any CPU.Build.0 = Debug|Any CPU
		{54D7B7C3-AAA3-4187-999C-4063F487DF12}.Release|Any CPU.ActiveCfg = Release|Any CPU
		{54D7B7C3-AAA3-4187-999C-4063F487DF12}.Release|Any CPU.Build.0 = Release|Any CPU
	EndGlobalSection
	GlobalSection(SolutionProperties) = preSolution
		HideSolutionNode = FALSE
	EndGlobalSection
	GlobalSection(ExtensibilityGlobals) = postSolution
		SolutionGuid = {F2B0A5B9-CE2B-4B98-8F55-51A6596EF7E8}
	EndGlobalSection
EndGlobal
