
Microsoft Visual Studio Solution File, Format Version 12.00
# Visual Studio Version 17
VisualStudioVersion = 17.8.34525.116
MinimumVisualStudioVersion = 10.0.40219.1
Project("{FAE04EC0-301F-11D3-BF4B-00C04F79EFBC}") = "LabSheet1_Q5", "LabSheet1_Q5\LabSheet1_Q5.csproj", "{7A956088-573F-4103-AD20-3DA36896DFFB}"
EndProject
Global
	GlobalSection(SolutionConfigurationPlatforms) = preSolution
		Debug|Any CPU = Debug|Any CPU
		Release|Any CPU = Release|Any CPU
	EndGlobalSection
	GlobalSection(ProjectConfigurationPlatforms) = postSolution
		{7A956088-573F-4103-AD20-3DA36896DFFB}.Debug|Any CPU.ActiveCfg = Debug|Any CPU
		{7A956088-573F-4103-AD20-3DA36896DFFB}.Debug|Any CPU.Build.0 = Debug|Any CPU
		{7A956088-573F-4103-AD20-3DA36896DFFB}.Release|Any CPU.ActiveCfg = Release|Any CPU
		{7A956088-573F-4103-AD20-3DA36896DFFB}.Release|Any CPU.Build.0 = Release|Any CPU
	EndGlobalSection
	GlobalSection(SolutionProperties) = preSolution
		HideSolutionNode = FALSE
	EndGlobalSection
	GlobalSection(ExtensibilityGlobals) = postSolution
		SolutionGuid = {D590DA7F-5343-4695-8213-1962CFAF553A}
	EndGlobalSection
EndGlobal
